// !$*UTF8*$!
{
	archiveVersion = 1;
	classes = {
	};
	objectVersion = 56;
	objects = {

/* Begin PBXBuildFile section */
		CD7C565C2B9F03240040ED3C /* LotteryApp.swift in Sources */ = {isa = PBXBuildFile; fileRef = CD7C565B2B9F03240040ED3C /* LotteryApp.swift */; };
		CD7C56602B9F03260040ED3C /* Assets.xcassets in Resources */ = {isa = PBXBuildFile; fileRef = CD7C565F2B9F03260040ED3C /* Assets.xcassets */; };
		CD7C56632B9F03260040ED3C /* Preview Assets.xcassets in Resources */ = {isa = PBXBuildFile; fileRef = CD7C56622B9F03260040ED3C /* Preview Assets.xcassets */; };
		D37B900A2BE7DED50056D22C /* DataModelTests.swift in Sources */ = {isa = PBXBuildFile; fileRef = D37B90092BE7DED50056D22C /* DataModelTests.swift */; };
		D3A643A42BD65B4100C8AF8F /* DrawResultHelperTests.swift in Sources */ = {isa = PBXBuildFile; fileRef = D3A643A32BD65B4100C8AF8F /* DrawResultHelperTests.swift */; };
		E99FE5092F0FB1F100FC78DF /* LotteryFramework.framework in Frameworks */ = {isa = PBXBuildFile; fileRef = E9C70CD22F0FADFA00FBE012 /* LotteryFramework.framework */; };
		E99FE50A2F0FB1F100FC78DF /* LotteryFramework.framework in Embed Frameworks */ = {isa = PBXBuildFile; fileRef = E9C70CD22F0FADFA00FBE012 /* LotteryFramework.framework */; settings = {ATTRIBUTES = (CodeSignOnCopy, RemoveHeadersOnCopy, ); }; };
		E9AF78BB2E69C48B007A7BA4 /* CouponGeneratorViewModelTests.swift in Sources */ = {isa = PBXBuildFile; fileRef = E9AF78BA2E69C48B007A7BA4 /* CouponGeneratorViewModelTests.swift */; };
		E9AF78BD2E69CAD9007A7BA4 /* CouponListViewModelTests.swift in Sources */ = {isa = PBXBuildFile; fileRef = E9AF78BC2E69CAD9007A7BA4 /* CouponListViewModelTests.swift */; };
		E9B1B79B2E6834CD00F28544 /* CouponsGeneratorProgresView.swift in Sources */ = {isa = PBXBuildFile; fileRef = E9B1B79A2E6834CD00F28544 /* CouponsGeneratorProgresView.swift */; };
		E9B1B79D2E68529500F28544 /* CouponListView.swift in Sources */ = {isa = PBXBuildFile; fileRef = E9B1B79C2E68529500F28544 /* CouponListView.swift */; };
		E9B25FB32E8E77A600213CDA /* StateStore.swift in Sources */ = {isa = PBXBuildFile; fileRef = E9B25FB22E8E77A600213CDA /* StateStore.swift */; };
		E9B25FB52E8E783100213CDA /* StateAction.swift in Sources */ = {isa = PBXBuildFile; fileRef = E9B25FB42E8E783100213CDA /* StateAction.swift */; };
		E9B25FB72E8E797100213CDA /* AppState.swift in Sources */ = {isa = PBXBuildFile; fileRef = E9B25FB62E8E797100213CDA /* AppState.swift */; };
		E9B25FBA2E8E7B1500213CDA /* DependencyInjection.swift in Sources */ = {isa = PBXBuildFile; fileRef = E9B25FB92E8E7AF600213CDA /* DependencyInjection.swift */; };
		E9BC6E232E68DFD000111835 /* CouponListViewModel.swift in Sources */ = {isa = PBXBuildFile; fileRef = E9BC6E222E68DFC700111835 /* CouponListViewModel.swift */; };
		E9BDA8482D621D29009D2A7F /* AgingHelperTests.swift in Sources */ = {isa = PBXBuildFile; fileRef = E9BDA8472D621D29009D2A7F /* AgingHelperTests.swift */; };
		E9BDA84A2D62392F009D2A7F /* ResultsTests.swift in Sources */ = {isa = PBXBuildFile; fileRef = E9BDA8492D62392F009D2A7F /* ResultsTests.swift */; };
		E9BDA84D2D6239E2009D2A7F /* MockDrawResult.swift in Sources */ = {isa = PBXBuildFile; fileRef = E9BDA84C2D6239E2009D2A7F /* MockDrawResult.swift */; };
		E9CD52F22D5932350031D5FB /* TODO.txt in Resources */ = {isa = PBXBuildFile; fileRef = E9CD52F12D59322E0031D5FB /* TODO.txt */; };
		E9D1B3932E65FACE006A0030 /* CouponsGeneratorView.swift in Sources */ = {isa = PBXBuildFile; fileRef = E9D1B3922E65FACE006A0030 /* CouponsGeneratorView.swift */; };
		E9D62DD42E67935C0020D33D /* CouponsGeneratorViewModel.swift in Sources */ = {isa = PBXBuildFile; fileRef = E9D62DD32E67935C0020D33D /* CouponsGeneratorViewModel.swift */; };
		E9DC66342F0AB37A004AA5B4 /* CouponController.swift in Sources */ = {isa = PBXBuildFile; fileRef = E9DC66322F0AB37A004AA5B4 /* CouponController.swift */; };
		E9DC66352F0AB37A004AA5B4 /* CouponGenerator.swift in Sources */ = {isa = PBXBuildFile; fileRef = E9DC66332F0AB37A004AA5B4 /* CouponGenerator.swift */; };
		E9E1B7A82E91C53900FAE37B /* MainView.swift in Sources */ = {isa = PBXBuildFile; fileRef = E9E1B7A72E91C53900FAE37B /* MainView.swift */; };
		E9E1B7AA2E91C81400FAE37B /* TuneModelsView.swift in Sources */ = {isa = PBXBuildFile; fileRef = E9E1B7A92E91C81400FAE37B /* TuneModelsView.swift */; };
		E9E528C92E8D13EF0092F13A /* Swinject in Frameworks */ = {isa = PBXBuildFile; productRef = E9E528C82E8D13EF0092F13A /* Swinject */; };
		E9E598332CB8704D00DFAD8C /* ResultsStatisticTests.swift in Sources */ = {isa = PBXBuildFile; fileRef = E9E598322CB8704D00DFAD8C /* ResultsStatisticTests.swift */; };
/* End PBXBuildFile section */

/* Begin PBXContainerItemProxy section */
		CD7C566E2B9F03260040ED3C /* PBXContainerItemProxy */ = {
			isa = PBXContainerItemProxy;
			containerPortal = CD7C56502B9F03240040ED3C /* Project object */;
			proxyType = 1;
			remoteGlobalIDString = CD7C56572B9F03240040ED3C;
			remoteInfo = Lotto;
		};
/* End PBXContainerItemProxy section */

/* Begin PBXCopyFilesBuildPhase section */
		E99FE50B2F0FB1F100FC78DF /* Embed Frameworks */ = {
			isa = PBXCopyFilesBuildPhase;
			buildActionMask = 2147483647;
			dstPath = "";
			dstSubfolderSpec = 10;
			files = (
				E99FE50A2F0FB1F100FC78DF /* LotteryFramework.framework in Embed Frameworks */,
			);
			name = "Embed Frameworks";
			runOnlyForDeploymentPostprocessing = 0;
		};
/* End PBXCopyFilesBuildPhase section */

/* Begin PBXFileReference section */
		CD7C56582B9F03240040ED3C /* Lottery.app */ = {isa = PBXFileReference; explicitFileType = wrapper.application; includeInIndex = 0; path = Lottery.app; sourceTree = BUILT_PRODUCTS_DIR; };
		CD7C565B2B9F03240040ED3C /* LotteryApp.swift */ = {isa = PBXFileReference; lastKnownFileType = sourcecode.swift; path = LotteryApp.swift; sourceTree = "<group>"; };
		CD7C565F2B9F03260040ED3C /* Assets.xcassets */ = {isa = PBXFileReference; lastKnownFileType = folder.assetcatalog; path = Assets.xcassets; sourceTree = "<group>"; };
		CD7C56622B9F03260040ED3C /* Preview Assets.xcassets */ = {isa = PBXFileReference; lastKnownFileType = folder.assetcatalog; path = "Preview Assets.xcassets"; sourceTree = "<group>"; };
		CD7C566D2B9F03260040ED3C /* LotteryTests.xctest */ = {isa = PBXFileReference; explicitFileType = wrapper.cfbundle; includeInIndex = 0; path = LotteryTests.xctest; sourceTree = BUILT_PRODUCTS_DIR; };
		CD7C568C2B9F3BBE0040ED3C /* Info.plist */ = {isa = PBXFileReference; lastKnownFileType = text.plist; path = Info.plist; sourceTree = "<group>"; };
		D37B90092BE7DED50056D22C /* DataModelTests.swift */ = {isa = PBXFileReference; lastKnownFileType = sourcecode.swift; path = DataModelTests.swift; sourceTree = "<group>"; };
		D3A643A32BD65B4100C8AF8F /* DrawResultHelperTests.swift */ = {isa = PBXFileReference; fileEncoding = 4; lastKnownFileType = sourcecode.swift; path = DrawResultHelperTests.swift; sourceTree = "<group>"; };
		E9AF78BA2E69C48B007A7BA4 /* CouponGeneratorViewModelTests.swift */ = {isa = PBXFileReference; lastKnownFileType = sourcecode.swift; path = CouponGeneratorViewModelTests.swift; sourceTree = "<group>"; };
		E9AF78BC2E69CAD9007A7BA4 /* CouponListViewModelTests.swift */ = {isa = PBXFileReference; lastKnownFileType = sourcecode.swift; path = CouponListViewModelTests.swift; sourceTree = "<group>"; };
		E9B1B79A2E6834CD00F28544 /* CouponsGeneratorProgresView.swift */ = {isa = PBXFileReference; lastKnownFileType = sourcecode.swift; path = CouponsGeneratorProgresView.swift; sourceTree = "<group>"; };
		E9B1B79C2E68529500F28544 /* CouponListView.swift */ = {isa = PBXFileReference; lastKnownFileType = sourcecode.swift; path = CouponListView.swift; sourceTree = "<group>"; };
		E9B25FB22E8E77A600213CDA /* StateStore.swift */ = {isa = PBXFileReference; lastKnownFileType = sourcecode.swift; path = StateStore.swift; sourceTree = "<group>"; };
		E9B25FB42E8E783100213CDA /* StateAction.swift */ = {isa = PBXFileReference; lastKnownFileType = sourcecode.swift; path = StateAction.swift; sourceTree = "<group>"; };
		E9B25FB62E8E797100213CDA /* AppState.swift */ = {isa = PBXFileReference; lastKnownFileType = sourcecode.swift; path = AppState.swift; sourceTree = "<group>"; };
		E9B25FB92E8E7AF600213CDA /* DependencyInjection.swift */ = {isa = PBXFileReference; lastKnownFileType = sourcecode.swift; path = DependencyInjection.swift; sourceTree = "<group>"; };
		E9BC6E222E68DFC700111835 /* CouponListViewModel.swift */ = {isa = PBXFileReference; lastKnownFileType = sourcecode.swift; path = CouponListViewModel.swift; sourceTree = "<group>"; };
		E9BDA8472D621D29009D2A7F /* AgingHelperTests.swift */ = {isa = PBXFileReference; lastKnownFileType = sourcecode.swift; path = AgingHelperTests.swift; sourceTree = "<group>"; };
		E9BDA8492D62392F009D2A7F /* ResultsTests.swift */ = {isa = PBXFileReference; lastKnownFileType = sourcecode.swift; path = ResultsTests.swift; sourceTree = "<group>"; };
		E9BDA84C2D6239E2009D2A7F /* MockDrawResult.swift */ = {isa = PBXFileReference; lastKnownFileType = sourcecode.swift; path = MockDrawResult.swift; sourceTree = "<group>"; };
		E9C70CD22F0FADFA00FBE012 /* LotteryFramework.framework */ = {isa = PBXFileReference; lastKnownFileType = wrapper.framework; name = LotteryFramework.framework; path = Lottery/Frameworks/LotteryFramework.framework; sourceTree = "<group>"; };
		E9CD52F12D59322E0031D5FB /* TODO.txt */ = {isa = PBXFileReference; lastKnownFileType = text; path = TODO.txt; sourceTree = "<group>"; };
		E9D1B3922E65FACE006A0030 /* CouponsGeneratorView.swift */ = {isa = PBXFileReference; lastKnownFileType = sourcecode.swift; path = CouponsGeneratorView.swift; sourceTree = "<group>"; };
		E9D62DD32E67935C0020D33D /* CouponsGeneratorViewModel.swift */ = {isa = PBXFileReference; lastKnownFileType = sourcecode.swift; path = CouponsGeneratorViewModel.swift; sourceTree = "<group>"; };
		E9DC66322F0AB37A004AA5B4 /* CouponController.swift */ = {isa = PBXFileReference; lastKnownFileType = sourcecode.swift; path = CouponController.swift; sourceTree = "<group>"; };
		E9DC66332F0AB37A004AA5B4 /* CouponGenerator.swift */ = {isa = PBXFileReference; lastKnownFileType = sourcecode.swift; path = CouponGenerator.swift; sourceTree = "<group>"; };
		E9E1B7A72E91C53900FAE37B /* MainView.swift */ = {isa = PBXFileReference; lastKnownFileType = sourcecode.swift; path = MainView.swift; sourceTree = "<group>"; };
		E9E1B7A92E91C81400FAE37B /* TuneModelsView.swift */ = {isa = PBXFileReference; lastKnownFileType = sourcecode.swift; path = TuneModelsView.swift; sourceTree = "<group>"; };
		E9E598322CB8704D00DFAD8C /* ResultsStatisticTests.swift */ = {isa = PBXFileReference; lastKnownFileType = sourcecode.swift; path = ResultsStatisticTests.swift; sourceTree = "<group>"; };
/* End PBXFileReference section */

/* Begin PBXFrameworksBuildPhase section */
		CD7C56552B9F03240040ED3C /* Frameworks */ = {
			isa = PBXFrameworksBuildPhase;
			buildActionMask = 2147483647;
			files = (
				E9E528C92E8D13EF0092F13A /* Swinject in Frameworks */,
				E99FE5092F0FB1F100FC78DF /* LotteryFramework.framework in Frameworks */,
			);
			runOnlyForDeploymentPostprocessing = 0;
		};
		CD7C566A2B9F03260040ED3C /* Frameworks */ = {
			isa = PBXFrameworksBuildPhase;
			buildActionMask = 2147483647;
			files = (
			);
			runOnlyForDeploymentPostprocessing = 0;
		};
/* End PBXFrameworksBuildPhase section */

/* Begin PBXGroup section */
		CD7C564F2B9F03240040ED3C = {
			isa = PBXGroup;
			children = (
				CD7C565A2B9F03240040ED3C /* Lottery */,
				E9C3AE8F2F07B4A0008F2DDD /* Frameworks */,
				CD7C56592B9F03240040ED3C /* Products */,
			);
			sourceTree = "<group>";
		};
		CD7C56592B9F03240040ED3C /* Products */ = {
			isa = PBXGroup;
			children = (
				CD7C56582B9F03240040ED3C /* Lottery.app */,
				CD7C566D2B9F03260040ED3C /* LotteryTests.xctest */,
			);
			name = Products;
			sourceTree = "<group>";
		};
		CD7C565A2B9F03240040ED3C /* Lottery */ = {
			isa = PBXGroup;
			children = (
				E9CD52F12D59322E0031D5FB /* TODO.txt */,
				CD7C568C2B9F3BBE0040ED3C /* Info.plist */,
				CD7C565B2B9F03240040ED3C /* LotteryApp.swift */,
				E9B25FB92E8E7AF600213CDA /* DependencyInjection.swift */,
				E9B25FB82E8E797800213CDA /* App State */,
				CDB4B72D2BA44E6600DFEE32 /* Views */,
				CD7C565F2B9F03260040ED3C /* Assets.xcassets */,
				D3A643A22BD65B0600C8AF8F /* Tests */,
				CD7C56612B9F03260040ED3C /* Preview Content */,
			);
			path = Lottery;
			sourceTree = "<group>";
		};
		CD7C56612B9F03260040ED3C /* Preview Content */ = {
			isa = PBXGroup;
			children = (
				CD7C56622B9F03260040ED3C /* Preview Assets.xcassets */,
			);
			path = "Preview Content";
			sourceTree = "<group>";
		};
		CDB4B72D2BA44E6600DFEE32 /* Views */ = {
			isa = PBXGroup;
			children = (
				E9B4B1442E92A73000EFE200 /* Coupon Generator */,
				E99F9DBE2F06E1CF00F5C31C /* Coupon List */,
				E9E1B7A72E91C53900FAE37B /* MainView.swift */,
				E9E1B7A92E91C81400FAE37B /* TuneModelsView.swift */,
			);
			name = Views;
			sourceTree = "<group>";
		};
		D3A643A22BD65B0600C8AF8F /* Tests */ = {
			isa = PBXGroup;
			children = (
				E9BDA84B2D6239CD009D2A7F /* Helpers */,
				D3A643A32BD65B4100C8AF8F /* DrawResultHelperTests.swift */,
				E9E598322CB8704D00DFAD8C /* ResultsStatisticTests.swift */,
				E9BDA8492D62392F009D2A7F /* ResultsTests.swift */,
				E9BDA8472D621D29009D2A7F /* AgingHelperTests.swift */,
				E9AF78BC2E69CAD9007A7BA4 /* CouponListViewModelTests.swift */,
				E9AF78BA2E69C48B007A7BA4 /* CouponGeneratorViewModelTests.swift */,
				D37B90092BE7DED50056D22C /* DataModelTests.swift */,
			);
			path = Tests;
			sourceTree = "<group>";
		};
		E99F9DBE2F06E1CF00F5C31C /* Coupon List */ = {
			isa = PBXGroup;
			children = (
				E9B1B79C2E68529500F28544 /* CouponListView.swift */,
				E9BC6E222E68DFC700111835 /* CouponListViewModel.swift */,
			);
			path = "Coupon List";
			sourceTree = "<group>";
		};
		E9B25FB82E8E797800213CDA /* App State */ = {
			isa = PBXGroup;
			children = (
				E9B25FB62E8E797100213CDA /* AppState.swift */,
				E9B25FB42E8E783100213CDA /* StateAction.swift */,
				E9B25FB22E8E77A600213CDA /* StateStore.swift */,
				E9DC66322F0AB37A004AA5B4 /* CouponController.swift */,
				E9DC66332F0AB37A004AA5B4 /* CouponGenerator.swift */,
			);
			path = "App State";
			sourceTree = "<group>";
		};
		E9B4B1442E92A73000EFE200 /* Coupon Generator */ = {
			isa = PBXGroup;
			children = (
				E9D1B3922E65FACE006A0030 /* CouponsGeneratorView.swift */,
				E9D62DD32E67935C0020D33D /* CouponsGeneratorViewModel.swift */,
				E9B1B79A2E6834CD00F28544 /* CouponsGeneratorProgresView.swift */,
			);
			path = "Coupon Generator";
			sourceTree = "<group>";
		};
		E9BDA84B2D6239CD009D2A7F /* Helpers */ = {
			isa = PBXGroup;
			children = (
				E9BDA84C2D6239E2009D2A7F /* MockDrawResult.swift */,
			);
			path = Helpers;
			sourceTree = "<group>";
		};
		E9C3AE8F2F07B4A0008F2DDD /* Frameworks */ = {
			isa = PBXGroup;
			children = (
				E9C70CD22F0FADFA00FBE012 /* LotteryFramework.framework */,
			);
			name = Frameworks;
			sourceTree = "<group>";
		};
/* End PBXGroup section */

/* Begin PBXNativeTarget section */
		CD7C56572B9F03240040ED3C /* Lottery */ = {
			isa = PBXNativeTarget;
			buildConfigurationList = CD7C56812B9F03260040ED3C /* Build configuration list for PBXNativeTarget "Lottery" */;
			buildPhases = (
				CD7C56542B9F03240040ED3C /* Sources */,
				CD7C56552B9F03240040ED3C /* Frameworks */,
				CD7C56562B9F03240040ED3C /* Resources */,
				E9F406752C56B5ED00AC0ED6 /* ShellScript */,
				E99FE50B2F0FB1F100FC78DF /* Embed Frameworks */,
			);
			buildRules = (
			);
			dependencies = (
			);
			name = Lottery;
			packageProductDependencies = (
				E9E528C82E8D13EF0092F13A /* Swinject */,
			);
			productName = Lotto;
			productReference = CD7C56582B9F03240040ED3C /* Lottery.app */;
			productType = "com.apple.product-type.application";
		};
		CD7C566C2B9F03260040ED3C /* LotteryTests */ = {
			isa = PBXNativeTarget;
			buildConfigurationList = CD7C56842B9F03260040ED3C /* Build configuration list for PBXNativeTarget "LotteryTests" */;
			buildPhases = (
				CD7C56692B9F03260040ED3C /* Sources */,
				CD7C566A2B9F03260040ED3C /* Frameworks */,
				CD7C566B2B9F03260040ED3C /* Resources */,
			);
			buildRules = (
			);
			dependencies = (
				CD7C566F2B9F03260040ED3C /* PBXTargetDependency */,
			);
			name = LotteryTests;
			productName = LottoTests;
			productReference = CD7C566D2B9F03260040ED3C /* LotteryTests.xctest */;
			productType = "com.apple.product-type.bundle.unit-test";
		};
/* End PBXNativeTarget section */

/* Begin PBXProject section */
		CD7C56502B9F03240040ED3C /* Project object */ = {
			isa = PBXProject;
			attributes = {
				BuildIndependentTargetsInParallel = 1;
				LastSwiftUpdateCheck = 1510;
				LastUpgradeCheck = 1510;
				TargetAttributes = {
					CD7C56572B9F03240040ED3C = {
						CreatedOnToolsVersion = 15.1;
					};
					CD7C566C2B9F03260040ED3C = {
						CreatedOnToolsVersion = 15.1;
						LastSwiftMigration = 1500;
						TestTargetID = CD7C56572B9F03240040ED3C;
					};
				};
			};
			buildConfigurationList = CD7C56532B9F03240040ED3C /* Build configuration list for PBXProject "Lottery" */;
			compatibilityVersion = "Xcode 14.0";
			developmentRegion = en;
			hasScannedForEncodings = 0;
			knownRegions = (
				en,
				Base,
			);
			mainGroup = CD7C564F2B9F03240040ED3C;
			packageReferences = (
				E9E528C72E8D13EF0092F13A /* XCRemoteSwiftPackageReference "Swinject" */,
			);
			productRefGroup = CD7C56592B9F03240040ED3C /* Products */;
			projectDirPath = "";
			projectRoot = "";
			targets = (
				CD7C56572B9F03240040ED3C /* Lottery */,
				CD7C566C2B9F03260040ED3C /* LotteryTests */,
			);
		};
/* End PBXProject section */

/* Begin PBXResourcesBuildPhase section */
		CD7C56562B9F03240040ED3C /* Resources */ = {
			isa = PBXResourcesBuildPhase;
			buildActionMask = 2147483647;
			files = (
				E9CD52F22D5932350031D5FB /* TODO.txt in Resources */,
				CD7C56632B9F03260040ED3C /* Preview Assets.xcassets in Resources */,
				CD7C56602B9F03260040ED3C /* Assets.xcassets in Resources */,
			);
			runOnlyForDeploymentPostprocessing = 0;
		};
		CD7C566B2B9F03260040ED3C /* Resources */ = {
			isa = PBXResourcesBuildPhase;
			buildActionMask = 2147483647;
			files = (
			);
			runOnlyForDeploymentPostprocessing = 0;
		};
/* End PBXResourcesBuildPhase section */

/* Begin PBXShellScriptBuildPhase section */
		E9F406752C56B5ED00AC0ED6 /* ShellScript */ = {
			isa = PBXShellScriptBuildPhase;
			alwaysOutOfDate = 1;
			buildActionMask = 2147483647;
			files = (
			);
			inputFileListPaths = (
			);
			inputPaths = (
			);
			outputFileListPaths = (
			);
			outputPaths = (
			);
			runOnlyForDeploymentPostprocessing = 0;
			shellPath = /bin/sh;
			shellScript = "if [[ \"$(uname -m)\" == arm64 ]]\nthen\n    export PATH=\"/opt/homebrew/bin:$PATH\"\nfi\n\nif command -v swiftlint >/dev/null 2>&1\nthen\n    swiftlint\nelse\n    echo \"warning: `swiftlint` command not found - See https://github.com/realm/SwiftLint#installation for installation instructions.\"\nfi\n";
			showEnvVarsInLog = 0;
		};
/* End PBXShellScriptBuildPhase section */

/* Begin PBXSourcesBuildPhase section */
		CD7C56542B9F03240040ED3C /* Sources */ = {
			isa = PBXSourcesBuildPhase;
			buildActionMask = 2147483647;
			files = (
				E9E1B7AA2E91C81400FAE37B /* TuneModelsView.swift in Sources */,
				E9D62DD42E67935C0020D33D /* CouponsGeneratorViewModel.swift in Sources */,
				E9E1B7A82E91C53900FAE37B /* MainView.swift in Sources */,
				E9DC66342F0AB37A004AA5B4 /* CouponController.swift in Sources */,
				E9DC66352F0AB37A004AA5B4 /* CouponGenerator.swift in Sources */,
				E9B25FB32E8E77A600213CDA /* StateStore.swift in Sources */,
				E9B1B79D2E68529500F28544 /* CouponListView.swift in Sources */,
				E9B25FBA2E8E7B1500213CDA /* DependencyInjection.swift in Sources */,
				E9B1B79B2E6834CD00F28544 /* CouponsGeneratorProgresView.swift in Sources */,
				E9B25FB72E8E797100213CDA /* AppState.swift in Sources */,
				E9BC6E232E68DFD000111835 /* CouponListViewModel.swift in Sources */,
				E9B25FB52E8E783100213CDA /* StateAction.swift in Sources */,
				E9D1B3932E65FACE006A0030 /* CouponsGeneratorView.swift in Sources */,
				CD7C565C2B9F03240040ED3C /* LotteryApp.swift in Sources */,
			);
			runOnlyForDeploymentPostprocessing = 0;
		};
		CD7C56692B9F03260040ED3C /* Sources */ = {
			isa = PBXSourcesBuildPhase;
			buildActionMask = 2147483647;
			files = (
				E9BDA84A2D62392F009D2A7F /* ResultsTests.swift in Sources */,
				E9E598332CB8704D00DFAD8C /* ResultsStatisticTests.swift in Sources */,
				E9AF78BD2E69CAD9007A7BA4 /* CouponListViewModelTests.swift in Sources */,
				E9BDA84D2D6239E2009D2A7F /* MockDrawResult.swift in Sources */,
				D3A643A42BD65B4100C8AF8F /* DrawResultHelperTests.swift in Sources */,
				E9BDA8482D621D29009D2A7F /* AgingHelperTests.swift in Sources */,
				D37B900A2BE7DED50056D22C /* DataModelTests.swift in Sources */,
				E9AF78BB2E69C48B007A7BA4 /* CouponGeneratorViewModelTests.swift in Sources */,
			);
			runOnlyForDeploymentPostprocessing = 0;
		};
/* End PBXSourcesBuildPhase section */

/* Begin PBXTargetDependency section */
		CD7C566F2B9F03260040ED3C /* PBXTargetDependency */ = {
			isa = PBXTargetDependency;
			target = CD7C56572B9F03240040ED3C /* Lottery */;
			targetProxy = CD7C566E2B9F03260040ED3C /* PBXContainerItemProxy */;
		};
/* End PBXTargetDependency section */

/* Begin XCBuildConfiguration section */
		CD7C567F2B9F03260040ED3C /* Debug */ = {
			isa = XCBuildConfiguration;
			buildSettings = {
				ALWAYS_SEARCH_USER_PATHS = NO;
				ASSETCATALOG_COMPILER_GENERATE_SWIFT_ASSET_SYMBOL_EXTENSIONS = YES;
				CLANG_ANALYZER_NONNULL = YES;
				CLANG_ANALYZER_NUMBER_OBJECT_CONVERSION = YES_AGGRESSIVE;
				CLANG_CXX_LANGUAGE_STANDARD = "gnu++20";
				CLANG_ENABLE_MODULES = YES;
				CLANG_ENABLE_OBJC_ARC = YES;
				CLANG_ENABLE_OBJC_WEAK = YES;
				CLANG_WARN_BLOCK_CAPTURE_AUTORELEASING = YES;
				CLANG_WARN_BOOL_CONVERSION = YES;
				CLANG_WARN_COMMA = YES;
				CLANG_WARN_CONSTANT_CONVERSION = YES;
				CLANG_WARN_DEPRECATED_OBJC_IMPLEMENTATIONS = YES;
				CLANG_WARN_DIRECT_OBJC_ISA_USAGE = YES_ERROR;
				CLANG_WARN_DOCUMENTATION_COMMENTS = YES;
				CLANG_WARN_EMPTY_BODY = YES;
				CLANG_WARN_ENUM_CONVERSION = YES;
				CLANG_WARN_INFINITE_RECURSION = YES;
				CLANG_WARN_INT_CONVERSION = YES;
				CLANG_WARN_NON_LITERAL_NULL_CONVERSION = YES;
				CLANG_WARN_OBJC_IMPLICIT_RETAIN_SELF = YES;
				CLANG_WARN_OBJC_LITERAL_CONVERSION = YES;
				CLANG_WARN_OBJC_ROOT_CLASS = YES_ERROR;
				CLANG_WARN_QUOTED_INCLUDE_IN_FRAMEWORK_HEADER = YES;
				CLANG_WARN_RANGE_LOOP_ANALYSIS = YES;
				CLANG_WARN_STRICT_PROTOTYPES = YES;
				CLANG_WARN_SUSPICIOUS_MOVE = YES;
				CLANG_WARN_UNGUARDED_AVAILABILITY = YES_AGGRESSIVE;
				CLANG_WARN_UNREACHABLE_CODE = YES;
				CLANG_WARN__DUPLICATE_METHOD_MATCH = YES;
				COPY_PHASE_STRIP = NO;
				DEBUG_INFORMATION_FORMAT = dwarf;
				ENABLE_STRICT_OBJC_MSGSEND = YES;
				ENABLE_TESTABILITY = YES;
				ENABLE_USER_SCRIPT_SANDBOXING = YES;
				GCC_C_LANGUAGE_STANDARD = gnu17;
				GCC_DYNAMIC_NO_PIC = NO;
				GCC_NO_COMMON_BLOCKS = YES;
				GCC_OPTIMIZATION_LEVEL = 0;
				GCC_PREPROCESSOR_DEFINITIONS = (
					"DEBUG=1",
					"$(inherited)",
				);
				GCC_WARN_64_TO_32_BIT_CONVERSION = YES;
				GCC_WARN_ABOUT_RETURN_TYPE = YES_ERROR;
				GCC_WARN_UNDECLARED_SELECTOR = YES;
				GCC_WARN_UNINITIALIZED_AUTOS = YES_AGGRESSIVE;
				GCC_WARN_UNUSED_FUNCTION = YES;
				GCC_WARN_UNUSED_VARIABLE = YES;
				IPHONEOS_DEPLOYMENT_TARGET = 17.2;
				LOCALIZATION_PREFERS_STRING_CATALOGS = YES;
				MTL_ENABLE_DEBUG_INFO = INCLUDE_SOURCE;
				MTL_FAST_MATH = YES;
				ONLY_ACTIVE_ARCH = YES;
				SDKROOT = iphoneos;
				SWIFT_ACTIVE_COMPILATION_CONDITIONS = "DEBUG $(inherited)";
				SWIFT_OPTIMIZATION_LEVEL = "-Onone";
			};
			name = Debug;
		};
		CD7C56802B9F03260040ED3C /* Release */ = {
			isa = XCBuildConfiguration;
			buildSettings = {
				ALWAYS_SEARCH_USER_PATHS = NO;
				ASSETCATALOG_COMPILER_GENERATE_SWIFT_ASSET_SYMBOL_EXTENSIONS = YES;
				CLANG_ANALYZER_NONNULL = YES;
				CLANG_ANALYZER_NUMBER_OBJECT_CONVERSION = YES_AGGRESSIVE;
				CLANG_CXX_LANGUAGE_STANDARD = "gnu++20";
				CLANG_ENABLE_MODULES = YES;
				CLANG_ENABLE_OBJC_ARC = YES;
				CLANG_ENABLE_OBJC_WEAK = YES;
				CLANG_WARN_BLOCK_CAPTURE_AUTORELEASING = YES;
				CLANG_WARN_BOOL_CONVERSION = YES;
				CLANG_WARN_COMMA = YES;
				CLANG_WARN_CONSTANT_CONVERSION = YES;
				CLANG_WARN_DEPRECATED_OBJC_IMPLEMENTATIONS = YES;
				CLANG_WARN_DIRECT_OBJC_ISA_USAGE = YES_ERROR;
				CLANG_WARN_DOCUMENTATION_COMMENTS = YES;
				CLANG_WARN_EMPTY_BODY = YES;
				CLANG_WARN_ENUM_CONVERSION = YES;
				CLANG_WARN_INFINITE_RECURSION = YES;
				CLANG_WARN_INT_CONVERSION = YES;
				CLANG_WARN_NON_LITERAL_NULL_CONVERSION = YES;
				CLANG_WARN_OBJC_IMPLICIT_RETAIN_SELF = YES;
				CLANG_WARN_OBJC_LITERAL_CONVERSION = YES;
				CLANG_WARN_OBJC_ROOT_CLASS = YES_ERROR;
				CLANG_WARN_QUOTED_INCLUDE_IN_FRAMEWORK_HEADER = YES;
				CLANG_WARN_RANGE_LOOP_ANALYSIS = YES;
				CLANG_WARN_STRICT_PROTOTYPES = YES;
				CLANG_WARN_SUSPICIOUS_MOVE = YES;
				CLANG_WARN_UNGUARDED_AVAILABILITY = YES_AGGRESSIVE;
				CLANG_WARN_UNREACHABLE_CODE = YES;
				CLANG_WARN__DUPLICATE_METHOD_MATCH = YES;
				COPY_PHASE_STRIP = NO;
				DEBUG_INFORMATION_FORMAT = "dwarf-with-dsym";
				ENABLE_NS_ASSERTIONS = NO;
				ENABLE_STRICT_OBJC_MSGSEND = YES;
				ENABLE_USER_SCRIPT_SANDBOXING = YES;
				GCC_C_LANGUAGE_STANDARD = gnu17;
				GCC_NO_COMMON_BLOCKS = YES;
				GCC_WARN_64_TO_32_BIT_CONVERSION = YES;
				GCC_WARN_ABOUT_RETURN_TYPE = YES_ERROR;
				GCC_WARN_UNDECLARED_SELECTOR = YES;
				GCC_WARN_UNINITIALIZED_AUTOS = YES_AGGRESSIVE;
				GCC_WARN_UNUSED_FUNCTION = YES;
				GCC_WARN_UNUSED_VARIABLE = YES;
				IPHONEOS_DEPLOYMENT_TARGET = 17.2;
				LOCALIZATION_PREFERS_STRING_CATALOGS = YES;
				MTL_ENABLE_DEBUG_INFO = NO;
				MTL_FAST_MATH = YES;
				SDKROOT = iphoneos;
				SWIFT_COMPILATION_MODE = wholemodule;
				VALIDATE_PRODUCT = YES;
			};
			name = Release;
		};
		CD7C56822B9F03260040ED3C /* Debug */ = {
			isa = XCBuildConfiguration;
			buildSettings = {
				ASSETCATALOG_COMPILER_APPICON_NAME = AppIcon;
				ASSETCATALOG_COMPILER_GLOBAL_ACCENT_COLOR_NAME = AccentColor;
				CODE_SIGN_STYLE = Automatic;
				CURRENT_PROJECT_VERSION = 1;
				DEVELOPMENT_ASSET_PATHS = "\"Lottery/Preview Content\"";
				DEVELOPMENT_TEAM = TLG3B7BL39;
				ENABLE_PREVIEWS = YES;
				ENABLE_USER_SCRIPT_SANDBOXING = NO;
				FRAMEWORK_SEARCH_PATHS = (
					"$(inherited)",
					"$(PROJECT_DIR)/Lottery/Frameworks",
				);
				GENERATE_INFOPLIST_FILE = YES;
				INFOPLIST_FILE = Lottery/Info.plist;
				INFOPLIST_KEY_UIApplicationSceneManifest_Generation = YES;
				INFOPLIST_KEY_UIApplicationSupportsIndirectInputEvents = YES;
				INFOPLIST_KEY_UILaunchScreen_Generation = YES;
				INFOPLIST_KEY_UISupportedInterfaceOrientations_iPad = "UIInterfaceOrientationPortrait UIInterfaceOrientationPortraitUpsideDown UIInterfaceOrientationLandscapeLeft UIInterfaceOrientationLandscapeRight";
				INFOPLIST_KEY_UISupportedInterfaceOrientations_iPhone = "UIInterfaceOrientationPortrait UIInterfaceOrientationLandscapeLeft UIInterfaceOrientationLandscapeRight";
				IPHONEOS_DEPLOYMENT_TARGET = 17.0;
				LD_RUNPATH_SEARCH_PATHS = (
					"$(inherited)",
					"@executable_path/Frameworks",
				);
				MARKETING_VERSION = 1.0;
				PRODUCT_BUNDLE_IDENTIFIER = sus.Lottery;
				PRODUCT_NAME = "$(TARGET_NAME)";
				SUPPORTED_PLATFORMS = "iphoneos iphonesimulator";
				SUPPORTS_MACCATALYST = NO;
				SUPPORTS_MAC_DESIGNED_FOR_IPHONE_IPAD = NO;
				SUPPORTS_XR_DESIGNED_FOR_IPHONE_IPAD = NO;
				SWIFT_EMIT_LOC_STRINGS = YES;
				SWIFT_VERSION = 5.0;
				TARGETED_DEVICE_FAMILY = "1,2";
			};
			name = Debug;
		};
		CD7C56832B9F03260040ED3C /* Release */ = {
			isa = XCBuildConfiguration;
			buildSettings = {
				ASSETCATALOG_COMPILER_APPICON_NAME = AppIcon;
				ASSETCATALOG_COMPILER_GLOBAL_ACCENT_COLOR_NAME = AccentColor;
				CODE_SIGN_STYLE = Automatic;
				CURRENT_PROJECT_VERSION = 1;
				DEVELOPMENT_ASSET_PATHS = "\"Lottery/Preview Content\"";
				DEVELOPMENT_TEAM = TLG3B7BL39;
				ENABLE_PREVIEWS = YES;
				ENABLE_USER_SCRIPT_SANDBOXING = NO;
				FRAMEWORK_SEARCH_PATHS = (
					"$(inherited)",
					"$(PROJECT_DIR)/Lottery/Frameworks",
				);
				GENERATE_INFOPLIST_FILE = YES;
				INFOPLIST_FILE = Lottery/Info.plist;
				INFOPLIST_KEY_UIApplicationSceneManifest_Generation = YES;
				INFOPLIST_KEY_UIApplicationSupportsIndirectInputEvents = YES;
				INFOPLIST_KEY_UILaunchScreen_Generation = YES;
				INFOPLIST_KEY_UISupportedInterfaceOrientations_iPad = "UIInterfaceOrientationPortrait UIInterfaceOrientationPortraitUpsideDown UIInterfaceOrientationLandscapeLeft UIInterfaceOrientationLandscapeRight";
				INFOPLIST_KEY_UISupportedInterfaceOrientations_iPhone = "UIInterfaceOrientationPortrait UIInterfaceOrientationLandscapeLeft UIInterfaceOrientationLandscapeRight";
				IPHONEOS_DEPLOYMENT_TARGET = 17.0;
				LD_RUNPATH_SEARCH_PATHS = (
					"$(inherited)",
					"@executable_path/Frameworks",
				);
				MARKETING_VERSION = 1.0;
				PRODUCT_BUNDLE_IDENTIFIER = sus.Lottery;
				PRODUCT_NAME = "$(TARGET_NAME)";
				SUPPORTED_PLATFORMS = "iphoneos iphonesimulator";
				SUPPORTS_MACCATALYST = NO;
				SUPPORTS_MAC_DESIGNED_FOR_IPHONE_IPAD = NO;
				SUPPORTS_XR_DESIGNED_FOR_IPHONE_IPAD = NO;
				SWIFT_EMIT_LOC_STRINGS = YES;
				SWIFT_VERSION = 5.0;
				TARGETED_DEVICE_FAMILY = "1,2";
			};
			name = Release;
		};
		CD7C56852B9F03260040ED3C /* Debug */ = {
			isa = XCBuildConfiguration;
			buildSettings = {
				ALWAYS_EMBED_SWIFT_STANDARD_LIBRARIES = YES;
				BUNDLE_LOADER = "$(TEST_HOST)";
				CLANG_ENABLE_MODULES = YES;
				CODE_SIGN_STYLE = Automatic;
				CURRENT_PROJECT_VERSION = 1;
				DEVELOPMENT_TEAM = TLG3B7BL39;
				GENERATE_INFOPLIST_FILE = YES;
				IPHONEOS_DEPLOYMENT_TARGET = 17.0;
				MARKETING_VERSION = 1.0;
				PRODUCT_BUNDLE_IDENTIFIER = sus.LotteryTests;
				PRODUCT_NAME = "$(TARGET_NAME)";
				SUPPORTED_PLATFORMS = "iphoneos iphonesimulator";
				SUPPORTS_MACCATALYST = NO;
				SUPPORTS_MAC_DESIGNED_FOR_IPHONE_IPAD = NO;
				SUPPORTS_XR_DESIGNED_FOR_IPHONE_IPAD = NO;
				SWIFT_EMIT_LOC_STRINGS = NO;
				SWIFT_OBJC_BRIDGING_HEADER = "";
				SWIFT_OPTIMIZATION_LEVEL = "-Onone";
				SWIFT_VERSION = 5.0;
				TARGETED_DEVICE_FAMILY = "1,2";
				TEST_HOST = "$(BUILT_PRODUCTS_DIR)/Lottery.app/$(BUNDLE_EXECUTABLE_FOLDER_PATH)/Lottery";
			};
			name = Debug;
		};
		CD7C56862B9F03260040ED3C /* Release */ = {
			isa = XCBuildConfiguration;
			buildSettings = {
				ALWAYS_EMBED_SWIFT_STANDARD_LIBRARIES = YES;
				BUNDLE_LOADER = "$(TEST_HOST)";
				CLANG_ENABLE_MODULES = YES;
				CODE_SIGN_STYLE = Automatic;
				CURRENT_PROJECT_VERSION = 1;
				DEVELOPMENT_TEAM = TLG3B7BL39;
				GENERATE_INFOPLIST_FILE = YES;
				IPHONEOS_DEPLOYMENT_TARGET = 17.0;
				MARKETING_VERSION = 1.0;
				PRODUCT_BUNDLE_IDENTIFIER = sus.LotteryTests;
				PRODUCT_NAME = "$(TARGET_NAME)";
				SUPPORTED_PLATFORMS = "iphoneos iphonesimulator";
				SUPPORTS_MACCATALYST = NO;
				SUPPORTS_MAC_DESIGNED_FOR_IPHONE_IPAD = NO;
				SUPPORTS_XR_DESIGNED_FOR_IPHONE_IPAD = NO;
				SWIFT_EMIT_LOC_STRINGS = NO;
				SWIFT_OBJC_BRIDGING_HEADER = "";
				SWIFT_VERSION = 5.0;
				TARGETED_DEVICE_FAMILY = "1,2";
				TEST_HOST = "$(BUILT_PRODUCTS_DIR)/Lottery.app/$(BUNDLE_EXECUTABLE_FOLDER_PATH)/Lottery";
			};
			name = Release;
		};
/* End XCBuildConfiguration section */

/* Begin XCConfigurationList section */
		CD7C56532B9F03240040ED3C /* Build configuration list for PBXProject "Lottery" */ = {
			isa = XCConfigurationList;
			buildConfigurations = (
				CD7C567F2B9F03260040ED3C /* Debug */,
				CD7C56802B9F03260040ED3C /* Release */,
			);
			defaultConfigurationIsVisible = 0;
			defaultConfigurationName = Release;
		};
		CD7C56812B9F03260040ED3C /* Build configuration list for PBXNativeTarget "Lottery" */ = {
			isa = XCConfigurationList;
			buildConfigurations = (
				CD7C56822B9F03260040ED3C /* Debug */,
				CD7C56832B9F03260040ED3C /* Release */,
			);
			defaultConfigurationIsVisible = 0;
			defaultConfigurationName = Release;
		};
		CD7C56842B9F03260040ED3C /* Build configuration list for PBXNativeTarget "LotteryTests" */ = {
			isa = XCConfigurationList;
			buildConfigurations = (
				CD7C56852B9F03260040ED3C /* Debug */,
				CD7C56862B9F03260040ED3C /* Release */,
			);
			defaultConfigurationIsVisible = 0;
			defaultConfigurationName = Release;
		};
/* End XCConfigurationList section */

/* Begin XCRemoteSwiftPackageReference section */
		E9E528C72E8D13EF0092F13A /* XCRemoteSwiftPackageReference "Swinject" */ = {
			isa = XCRemoteSwiftPackageReference;
			repositoryURL = "https://github.com/Swinject/Swinject";
			requirement = {
				kind = upToNextMajorVersion;
				minimumVersion = 2.10.0;
			};
		};
/* End XCRemoteSwiftPackageReference section */

/* Begin XCSwiftPackageProductDependency section */
		E9E528C82E8D13EF0092F13A /* Swinject */ = {
			isa = XCSwiftPackageProductDependency;
			package = E9E528C72E8D13EF0092F13A /* XCRemoteSwiftPackageReference "Swinject" */;
			productName = Swinject;
		};
/* End XCSwiftPackageProductDependency section */
	};
	rootObject = CD7C56502B9F03240040ED3C /* Project object */;
}
